github.com/dgrijalva/jwt-go v3.2.0+incompatible h1:xT8YZTvbx8lKvnGpDtZycqKdywfs6mPPhMwDsRD1r4I=
github.com/dgrijalva/jwt-go v3.2.0+incompatible/go.mod h1:3zIgB0f7lq93MtAnUMaRbl23YfaZvD0xBytmBRrd0JM=
github.com/go-playground/locales v0.13.0 h1:/x+6yrIHkH0IHReSnoxQQJf/W8Q0oJlAV8IJlgIvehs=
github.com/go-playground/locales v0.13.0/go.mod h1:FfTyRXMFjKyvAF5nMeVE5AN4ymW1qk3FlStp7MjlnuA=
github.com/go-playground/universal-translator v0.17.0 h1:9VJ0U/v6GQxajLypWUMXYz1DkFBR6xh4C5/BMimXgMo=
github.com/go-playground/universal-translator v0.17.0/go.mod h1:hJpiNG4A+WZWj0O0esL2Xtp6DEikL+73Fvd/ivC+T5s=
github.com/go-playground/validator/v10 v10.4.1 h1:e3DRU3oBdls2CE3TcLf1h5o1O3QiA4y0n2pHgOK5a2E=
github.com/go-playground/validator/v10 v10.4.1/go.mod h1:2EXrQDLVNKxGqVqll5WZVoHf0MCuDLQu7GgtzV93EVg=
github.com/jinzhu/gorm v1.9.16 h1:1FnNsdOZTwK07noGTW/eqLF2hFbHTEPFDHL+Y0FEKKY=
github.com/jinzhu/gorm v1.9.16/go.mod h1:WUyQzPt3P9tEJ8nN+L/k2x8pnfQZ2PBwxzA7w6nCM7o=
github.com/konsorten/go-windows-terminal-sequences v1.0.2 h1:44vN3yVnNvH8ZhAbM9L7hJx5iKBNAkGXhDP6dKJpE6k=
github.com/konsorten/go-windows-terminal-sequences v1.0.2/go.mod h1:J7Xb4U6n1c8M/7aK2RVeh5rQA3TUV+rGUwE30t8q6Lk=
github.com/leodido/go-urn v1.2.1 h1:hhHV/lPrfrfXAxUj2joKxPRYr06e4jqUk9Bpg0nP4hI=
github.com/leodido/go-urn v1.2.1/go.mod h1:tFNV5DHEG6EqgoAtZYz17GNGJ+rcRzGlyda9m1IpYfM=
github.com/labstack/echo/v4 v4.1.17 h1:ChwrZIbuzVG5S89K0pTt2mOXVGRx8M9f7eOXTx5Z0lo=
github.com/labstack/echo/v4 v4.1.17/go.mod h1:2ZMY1IaruxMuRlSPTTuFrfKpZES8s2RM1ErwZxJ5kt4=
github.com/mattn/go-isatty v0.0.8 h1:XeP+XfF0ER9y3gOSRHP8je/aztCaBfLk4+1FZ9P8Z8w=
github.com/mattn/go-isatty v0.0.8/go.mod h1:0wGVJq2Uwa/9fEhpJWZg3Czv2CN7xFRcSA4z5JLUt4E=
github.com/mattn/go-colorable v0.1.6 h1:eG+DYZTAXe/1nJksKuHn2U/T8AysS8K7Z2XuqFgB9As=
github.com/mattn/go-colorable v0.1.6/go.mod h1:B/5GRfshym2F8n62zC1yWlRlpQMXcEY2S72FW8LRV2k=
github.com/spf13/cast v1.3.1 h1:qv+giz/75Bsb9t9XX9IL0sb5qf5Tgy9N5wgfb5QL4HY=
github.com/spf13/cast v1.3.1/go.mod h1:02ghueV6FtnkCuJONLp8uXt6hlOo5DNbKi+qMPp8XhA=
github.com/spf13/jwalterweatherman v1.1.0 h1:6IoCe5s3LwYyQFvvWDpPRAIOrGVxO3Wy7wOoABUhRuM=
github.com/spf13/jwalterweatherman v1.1.0/go.mod h1:oyVBLde2p/9p8jiLveZpNdYW72bbo6e7WY8tVBp9tD0=
github.com/spf13/pflag v1.0.5 h1:IMX1xnyGCxyCT5B+BKH6dsuM/l9daUYoCWdSc4iFeu8=
github.com/spf13/pflag v1.0.5/go.mod h1:PkEecQOgkKjeYVZ3/0CqB2jV+SRsLvB4cr4ji9OdxBg=
github.com/spf13/viper v1.7.1 h1:cs5iuCwWRK2y9DK7H7TbvgNSMdV1Ke5EJDA8JSfX+cw=
github.com/spf13/viper v1.7.1/go.mod h1:57T8jDh19nA1nns8ND2F90hfbjz+27V+RRqwVb8ka0Y=
gopkg.in/go-playground/assert.v1 v1.2.1 h1:vnxDbsK8K1+ug5h1vdFl5H4ix6hSajLqkltU+TPlvGo=
gopkg.in/go-playground/assert.v1 v1.2.1/go.mod h1:n6AIHQVs/H20mAHlDZQlymH1ZQuo4u0qA1VNz4szQS4=
gopkg.in/go-playground/validator.v9 v9.29.1 h1:LYaTRidJOFbHK9ffUQRa+r1f6Xkw7W2cSh6XhMv2PBA=
gopkg.in/go-playground/validator.v9 v9.29.1/go.mod h1:cU1xAhA+R8C9wT/MJ4bn4c0DOV+lCEvAJljBzEHg+tU=
